
Microsoft Visual Studio Solution File, Format Version 12.00
# Visual Studio Version 17
VisualStudioVersion = 17.7.34009.444
MinimumVisualStudioVersion = 10.0.40219.1
Project("{9A19103F-16F7-4668-BE54-9A1E7A4F7556}") = "WebApi", "WebApi\WebApi.csproj", "{263A7E5A-79AA-44CE-A03E-51E10DAEC085}"
EndProject
Project("{9A19103F-16F7-4668-BE54-9A1E7A4F7556}") = "Domain", "Domain\Domain.csproj", "{DAF5B1A2-7BD1-43AA-861B-32ECC4AC114D}"
EndProject
Project("{9A19103F-16F7-4668-BE54-9A1E7A4F7556}") = "DAL", "DAL\DAL.csproj", "{E65C53CE-3BB7-48E0-8523-7C43FF887816}"
EndProject
Project("{9A19103F-16F7-4668-BE54-9A1E7A4F7556}") = "Service", "Service\Service.csproj", "{64F3B05A-7320-4819-BC32-3161171D7713}"
EndProject
Project("{9A19103F-16F7-4668-BE54-9A1E7A4F7556}") = "ProcessMortgagesTimer", "ProcessMortgagesTimer\ProcessMortgagesTimer.csproj", "{58DE3FEC-BFAB-4C4F-A0F6-30F52FB46EF9}"
EndProject
Project("{9A19103F-16F7-4668-BE54-9A1E7A4F7556}") = "SendEmailsTimer", "SendEmailsTimer\SendEmailsTimer.csproj", "{69095A91-BFD7-4F18-90D9-0BF9FCC9584B}"
EndProject
Global
	GlobalSection(SolutionConfigurationPlatforms) = preSolution
		Debug|Any CPU = Debug|Any CPU
		Release|Any CPU = Release|Any CPU
	EndGlobalSection
	GlobalSection(ProjectConfigurationPlatforms) = postSolution
		{263A7E5A-79AA-44CE-A03E-51E10DAEC085}.Debug|Any CPU.ActiveCfg = Debug|Any CPU
		{263A7E5A-79AA-44CE-A03E-51E10DAEC085}.Debug|Any CPU.Build.0 = Debug|Any CPU
		{263A7E5A-79AA-44CE-A03E-51E10DAEC085}.Release|Any CPU.ActiveCfg = Release|Any CPU
		{263A7E5A-79AA-44CE-A03E-51E10DAEC085}.Release|Any CPU.Build.0 = Release|Any CPU
		{DAF5B1A2-7BD1-43AA-861B-32ECC4AC114D}.Debug|Any CPU.ActiveCfg = Debug|Any CPU
		{DAF5B1A2-7BD1-43AA-861B-32ECC4AC114D}.Debug|Any CPU.Build.0 = Debug|Any CPU
		{DAF5B1A2-7BD1-43AA-861B-32ECC4AC114D}.Release|Any CPU.ActiveCfg = Release|Any CPU
		{DAF5B1A2-7BD1-43AA-861B-32ECC4AC114D}.Release|Any CPU.Build.0 = Release|Any CPU
		{E65C53CE-3BB7-48E0-8523-7C43FF887816}.Debug|Any CPU.ActiveCfg = Debug|Any CPU
		{E65C53CE-3BB7-48E0-8523-7C43FF887816}.Debug|Any CPU.Build.0 = Debug|Any CPU
		{E65C53CE-3BB7-48E0-8523-7C43FF887816}.Release|Any CPU.ActiveCfg = Release|Any CPU
		{E65C53CE-3BB7-48E0-8523-7C43FF887816}.Release|Any CPU.Build.0 = Release|Any CPU
		{64F3B05A-7320-4819-BC32-3161171D7713}.Debug|Any CPU.ActiveCfg = Debug|Any CPU
		{64F3B05A-7320-4819-BC32-3161171D7713}.Debug|Any CPU.Build.0 = Debug|Any CPU
		{64F3B05A-7320-4819-BC32-3161171D7713}.Release|Any CPU.ActiveCfg = Release|Any CPU
		{64F3B05A-7320-4819-BC32-3161171D7713}.Release|Any CPU.Build.0 = Release|Any CPU
		{58DE3FEC-BFAB-4C4F-A0F6-30F52FB46EF9}.Debug|Any CPU.ActiveCfg = Debug|Any CPU
		{58DE3FEC-BFAB-4C4F-A0F6-30F52FB46EF9}.Debug|Any CPU.Build.0 = Debug|Any CPU
		{58DE3FEC-BFAB-4C4F-A0F6-30F52FB46EF9}.Release|Any CPU.ActiveCfg = Release|Any CPU
		{58DE3FEC-BFAB-4C4F-A0F6-30F52FB46EF9}.Release|Any CPU.Build.0 = Release|Any CPU
		{69095A91-BFD7-4F18-90D9-0BF9FCC9584B}.Debug|Any CPU.ActiveCfg = Debug|Any CPU
		{69095A91-BFD7-4F18-90D9-0BF9FCC9584B}.Debug|Any CPU.Build.0 = Debug|Any CPU
		{69095A91-BFD7-4F18-90D9-0BF9FCC9584B}.Release|Any CPU.ActiveCfg = Release|Any CPU
		{69095A91-BFD7-4F18-90D9-0BF9FCC9584B}.Release|Any CPU.Build.0 = Release|Any CPU
	EndGlobalSection
	GlobalSection(SolutionProperties) = preSolution
		HideSolutionNode = FALSE
	EndGlobalSection
	GlobalSection(ExtensibilityGlobals) = postSolution
		SolutionGuid = {4C8EAE08-D839-422F-94FD-B7C1F5459779}
	EndGlobalSection
EndGlobal
